// !$*UTF8*$!
{
	archiveVersion = 1;
	classes = {
	};
	objectVersion = 48;
	objects = {

/* Begin PBXBuildFile section */
		5D05C8E11FD07345005EDC6E /* CheckInViewController.swift in Sources */ = {isa = PBXBuildFile; fileRef = 5D05C8E01FD07345005EDC6E /* CheckInViewController.swift */; };
		5D05C8E31FD0C27B005EDC6E /* ParticipantTableViewController.swift in Sources */ = {isa = PBXBuildFile; fileRef = 5D05C8E21FD0C27B005EDC6E /* ParticipantTableViewController.swift */; };
		5D4DFE001FD3A53800D7C41D /* ChapelProgram.swift in Sources */ = {isa = PBXBuildFile; fileRef = 5D4DFDFF1FD3A53800D7C41D /* ChapelProgram.swift */; };
		5D60809F1FBE89FE00019081 /* ParticipantTableViewCell.swift in Sources */ = {isa = PBXBuildFile; fileRef = 5D60809E1FBE89FE00019081 /* ParticipantTableViewCell.swift */; };
		5D6080A11FBE90C300019081 /* PrayerTableViewCell.swift in Sources */ = {isa = PBXBuildFile; fileRef = 5D6080A01FBE90C300019081 /* PrayerTableViewCell.swift */; };
		5D6080A31FBE90D600019081 /* AnnouncementTableViewCell.swift in Sources */ = {isa = PBXBuildFile; fileRef = 5D6080A21FBE90D600019081 /* AnnouncementTableViewCell.swift */; };
		5D6080A71FBEA10600019081 /* AnnouncementTableViewController.swift in Sources */ = {isa = PBXBuildFile; fileRef = 5D6080A61FBEA10600019081 /* AnnouncementTableViewController.swift */; };
		5D6080A91FBEA33800019081 /* AnnouncementViewController.swift in Sources */ = {isa = PBXBuildFile; fileRef = 5D6080A81FBEA33800019081 /* AnnouncementViewController.swift */; };
		5D6080AB1FBF4DC000019081 /* PrayerViewController.swift in Sources */ = {isa = PBXBuildFile; fileRef = 5D6080AA1FBF4DC000019081 /* PrayerViewController.swift */; };
		5D6080AD1FBF4DE800019081 /* PrayerTableViewController.swift in Sources */ = {isa = PBXBuildFile; fileRef = 5D6080AC1FBF4DE800019081 /* PrayerTableViewController.swift */; };
		5D6080AF1FBF5E7700019081 /* Participant.swift in Sources */ = {isa = PBXBuildFile; fileRef = 5D6080AE1FBF5E7700019081 /* Participant.swift */; };
		5D6080B41FBF7C0700019081 /* HomeViewController.swift in Sources */ = {isa = PBXBuildFile; fileRef = 5D6080B31FBF7C0700019081 /* HomeViewController.swift */; };
		5DD79F8F1FB217C000EC0D81 /* AppDelegate.swift in Sources */ = {isa = PBXBuildFile; fileRef = 5DD79F8E1FB217C000EC0D81 /* AppDelegate.swift */; };
		5DD79F911FB217C000EC0D81 /* LoginViewController.swift in Sources */ = {isa = PBXBuildFile; fileRef = 5DD79F901FB217C000EC0D81 /* LoginViewController.swift */; };
		5DD79F941FB217C000EC0D81 /* Main.storyboard in Resources */ = {isa = PBXBuildFile; fileRef = 5DD79F921FB217C000EC0D81 /* Main.storyboard */; };
		5DD79F961FB217C000EC0D81 /* Assets.xcassets in Resources */ = {isa = PBXBuildFile; fileRef = 5DD79F951FB217C000EC0D81 /* Assets.xcassets */; };
		5DD79F991FB217C000EC0D81 /* LaunchScreen.storyboard in Resources */ = {isa = PBXBuildFile; fileRef = 5DD79F971FB217C000EC0D81 /* LaunchScreen.storyboard */; };
		5DD79FA11FB24AEB00EC0D81 /* DataSet.swift in Sources */ = {isa = PBXBuildFile; fileRef = 5DD79FA01FB24AEB00EC0D81 /* DataSet.swift */; };
		5DD79FA31FB29A0600EC0D81 /* MainTabController.swift in Sources */ = {isa = PBXBuildFile; fileRef = 5DD79FA21FB29A0600EC0D81 /* MainTabController.swift */; };
		5DD79FA71FB2B4F900EC0D81 /* Prayer.swift in Sources */ = {isa = PBXBuildFile; fileRef = 5DD79FA61FB2B4F900EC0D81 /* Prayer.swift */; };
		5DD79FA91FB2BADB00EC0D81 /* Announcement.swift in Sources */ = {isa = PBXBuildFile; fileRef = 5DD79FA81FB2BADB00EC0D81 /* Announcement.swift */; };
/* End PBXBuildFile section */

/* Begin PBXFileReference section */
		5D05C8E01FD07345005EDC6E /* CheckInViewController.swift */ = {isa = PBXFileReference; lastKnownFileType = sourcecode.swift; path = CheckInViewController.swift; sourceTree = "<group>"; };
		5D05C8E21FD0C27B005EDC6E /* ParticipantTableViewController.swift */ = {isa = PBXFileReference; lastKnownFileType = sourcecode.swift; path = ParticipantTableViewController.swift; sourceTree = "<group>"; };
		5D4DFDFF1FD3A53800D7C41D /* ChapelProgram.swift */ = {isa = PBXFileReference; lastKnownFileType = sourcecode.swift; path = ChapelProgram.swift; sourceTree = "<group>"; };
		5D60809E1FBE89FE00019081 /* ParticipantTableViewCell.swift */ = {isa = PBXFileReference; lastKnownFileType = sourcecode.swift; path = ParticipantTableViewCell.swift; sourceTree = "<group>"; };
		5D6080A01FBE90C300019081 /* PrayerTableViewCell.swift */ = {isa = PBXFileReference; lastKnownFileType = sourcecode.swift; path = PrayerTableViewCell.swift; sourceTree = "<group>"; };
		5D6080A21FBE90D600019081 /* AnnouncementTableViewCell.swift */ = {isa = PBXFileReference; lastKnownFileType = sourcecode.swift; path = AnnouncementTableViewCell.swift; sourceTree = "<group>"; };
		5D6080A61FBEA10600019081 /* AnnouncementTableViewController.swift */ = {isa = PBXFileReference; lastKnownFileType = sourcecode.swift; path = AnnouncementTableViewController.swift; sourceTree = "<group>"; };
		5D6080A81FBEA33800019081 /* AnnouncementViewController.swift */ = {isa = PBXFileReference; lastKnownFileType = sourcecode.swift; path = AnnouncementViewController.swift; sourceTree = "<group>"; };
		5D6080AA1FBF4DC000019081 /* PrayerViewController.swift */ = {isa = PBXFileReference; lastKnownFileType = sourcecode.swift; path = PrayerViewController.swift; sourceTree = "<group>"; };
		5D6080AC1FBF4DE800019081 /* PrayerTableViewController.swift */ = {isa = PBXFileReference; lastKnownFileType = sourcecode.swift; path = PrayerTableViewController.swift; sourceTree = "<group>"; };
		5D6080AE1FBF5E7700019081 /* Participant.swift */ = {isa = PBXFileReference; lastKnownFileType = sourcecode.swift; path = Participant.swift; sourceTree = "<group>"; };
		5D6080B31FBF7C0700019081 /* HomeViewController.swift */ = {isa = PBXFileReference; lastKnownFileType = sourcecode.swift; path = HomeViewController.swift; sourceTree = "<group>"; };
		5DD79F8B1FB217C000EC0D81 /* Chapp.app */ = {isa = PBXFileReference; explicitFileType = wrapper.application; includeInIndex = 0; path = Chapp.app; sourceTree = BUILT_PRODUCTS_DIR; };
		5DD79F8E1FB217C000EC0D81 /* AppDelegate.swift */ = {isa = PBXFileReference; lastKnownFileType = sourcecode.swift; path = AppDelegate.swift; sourceTree = "<group>"; };
		5DD79F901FB217C000EC0D81 /* LoginViewController.swift */ = {isa = PBXFileReference; lastKnownFileType = sourcecode.swift; path = LoginViewController.swift; sourceTree = "<group>"; };
		5DD79F931FB217C000EC0D81 /* Base */ = {isa = PBXFileReference; lastKnownFileType = file.storyboard; name = Base; path = Base.lproj/Main.storyboard; sourceTree = "<group>"; };
		5DD79F951FB217C000EC0D81 /* Assets.xcassets */ = {isa = PBXFileReference; lastKnownFileType = folder.assetcatalog; path = Assets.xcassets; sourceTree = "<group>"; };
		5DD79F981FB217C000EC0D81 /* Base */ = {isa = PBXFileReference; lastKnownFileType = file.storyboard; name = Base; path = Base.lproj/LaunchScreen.storyboard; sourceTree = "<group>"; };
		5DD79F9A1FB217C000EC0D81 /* Info.plist */ = {isa = PBXFileReference; lastKnownFileType = text.plist.xml; path = Info.plist; sourceTree = "<group>"; };
		5DD79FA01FB24AEB00EC0D81 /* DataSet.swift */ = {isa = PBXFileReference; lastKnownFileType = sourcecode.swift; path = DataSet.swift; sourceTree = "<group>"; };
		5DD79FA21FB29A0600EC0D81 /* MainTabController.swift */ = {isa = PBXFileReference; lastKnownFileType = sourcecode.swift; path = MainTabController.swift; sourceTree = "<group>"; };
		5DD79FA61FB2B4F900EC0D81 /* Prayer.swift */ = {isa = PBXFileReference; lastKnownFileType = sourcecode.swift; path = Prayer.swift; sourceTree = "<group>"; };
		5DD79FA81FB2BADB00EC0D81 /* Announcement.swift */ = {isa = PBXFileReference; lastKnownFileType = sourcecode.swift; path = Announcement.swift; sourceTree = "<group>"; };
/* End PBXFileReference section */

/* Begin PBXFrameworksBuildPhase section */
		5DD79F881FB217C000EC0D81 /* Frameworks */ = {
			isa = PBXFrameworksBuildPhase;
			buildActionMask = 2147483647;
			files = (
			);
			runOnlyForDeploymentPostprocessing = 0;
		};
/* End PBXFrameworksBuildPhase section */

/* Begin PBXGroup section */
		5D6080B01FBF62D800019081 /* Models */ = {
			isa = PBXGroup;
			children = (
				5DD79FA61FB2B4F900EC0D81 /* Prayer.swift */,
				5D4DFDFF1FD3A53800D7C41D /* ChapelProgram.swift */,
				5D6080AE1FBF5E7700019081 /* Participant.swift */,
				5DD79FA81FB2BADB00EC0D81 /* Announcement.swift */,
			);
			path = Models;
			sourceTree = "<group>";
		};
		5D6080B11FBF632A00019081 /* Controllers */ = {
			isa = PBXGroup;
			children = (
				5DD79FA21FB29A0600EC0D81 /* MainTabController.swift */,
				5DD79F901FB217C000EC0D81 /* LoginViewController.swift */,
				5D6080AA1FBF4DC000019081 /* PrayerViewController.swift */,
				5D6080AC1FBF4DE800019081 /* PrayerTableViewController.swift */,
				5D05C8E21FD0C27B005EDC6E /* ParticipantTableViewController.swift */,
				5D6080A81FBEA33800019081 /* AnnouncementViewController.swift */,
				5D6080A61FBEA10600019081 /* AnnouncementTableViewController.swift */,
				5D6080B31FBF7C0700019081 /* HomeViewController.swift */,
				5D05C8E01FD07345005EDC6E /* CheckInViewController.swift */,
			);
			path = Controllers;
			sourceTree = "<group>";
		};
		5D6080B21FBF633200019081 /* Views */ = {
			isa = PBXGroup;
			children = (
				5D6080A01FBE90C300019081 /* PrayerTableViewCell.swift */,
				5D6080A21FBE90D600019081 /* AnnouncementTableViewCell.swift */,
				5D60809E1FBE89FE00019081 /* ParticipantTableViewCell.swift */,
			);
			path = Views;
			sourceTree = "<group>";
		};
		5DD79F821FB217C000EC0D81 = {
			isa = PBXGroup;
			children = (
				5DD79F8D1FB217C000EC0D81 /* Chapp */,
				5DD79F8C1FB217C000EC0D81 /* Products */,
			);
			sourceTree = "<group>";
		};
		5DD79F8C1FB217C000EC0D81 /* Products */ = {
			isa = PBXGroup;
			children = (
				5DD79F8B1FB217C000EC0D81 /* Chapp.app */,
			);
			name = Products;
			sourceTree = "<group>";
		};
		5DD79F8D1FB217C000EC0D81 /* Chapp */ = {
			isa = PBXGroup;
			children = (
				5DD79F8E1FB217C000EC0D81 /* AppDelegate.swift */,
				5D6080B11FBF632A00019081 /* Controllers */,
				5D6080B21FBF633200019081 /* Views */,
				5D6080B01FBF62D800019081 /* Models */,
				5DD79F921FB217C000EC0D81 /* Main.storyboard */,
				5DD79FA01FB24AEB00EC0D81 /* DataSet.swift */,
				5DD79F951FB217C000EC0D81 /* Assets.xcassets */,
				5DD79F971FB217C000EC0D81 /* LaunchScreen.storyboard */,
				5DD79F9A1FB217C000EC0D81 /* Info.plist */,
			);
			path = Chapp;
			sourceTree = "<group>";
		};
/* End PBXGroup section */

/* Begin PBXNativeTarget section */
		5DD79F8A1FB217C000EC0D81 /* Chapp */ = {
			isa = PBXNativeTarget;
			buildConfigurationList = 5DD79F9D1FB217C000EC0D81 /* Build configuration list for PBXNativeTarget "Chapp" */;
			buildPhases = (
				5DD79F871FB217C000EC0D81 /* Sources */,
				5DD79F881FB217C000EC0D81 /* Frameworks */,
				5DD79F891FB217C000EC0D81 /* Resources */,
			);
			buildRules = (
			);
			dependencies = (
			);
			name = Chapp;
			productName = Chapp;
			productReference = 5DD79F8B1FB217C000EC0D81 /* Chapp.app */;
			productType = "com.apple.product-type.application";
		};
/* End PBXNativeTarget section */

/* Begin PBXProject section */
		5DD79F831FB217C000EC0D81 /* Project object */ = {
			isa = PBXProject;
			attributes = {
				LastSwiftUpdateCheck = 0910;
				LastUpgradeCheck = 0910;
				ORGANIZATIONNAME = "Robert Thompson";
				TargetAttributes = {
					5DD79F8A1FB217C000EC0D81 = {
						CreatedOnToolsVersion = 9.1;
						ProvisioningStyle = Automatic;
					};
				};
			};
			buildConfigurationList = 5DD79F861FB217C000EC0D81 /* Build configuration list for PBXProject "Chapp" */;
			compatibilityVersion = "Xcode 8.0";
			developmentRegion = en;
			hasScannedForEncodings = 0;
			knownRegions = (
				en,
				Base,
			);
			mainGroup = 5DD79F821FB217C000EC0D81;
			productRefGroup = 5DD79F8C1FB217C000EC0D81 /* Products */;
			projectDirPath = "";
			projectRoot = "";
			targets = (
				5DD79F8A1FB217C000EC0D81 /* Chapp */,
			);
		};
/* End PBXProject section */

/* Begin PBXResourcesBuildPhase section */
		5DD79F891FB217C000EC0D81 /* Resources */ = {
			isa = PBXResourcesBuildPhase;
			buildActionMask = 2147483647;
			files = (
				5DD79F991FB217C000EC0D81 /* LaunchScreen.storyboard in Resources */,
				5DD79F961FB217C000EC0D81 /* Assets.xcassets in Resources */,
				5DD79F941FB217C000EC0D81 /* Main.storyboard in Resources */,
			);
			runOnlyForDeploymentPostprocessing = 0;
		};
/* End PBXResourcesBuildPhase section */

/* Begin PBXSourcesBuildPhase section */
		5DD79F871FB217C000EC0D81 /* Sources */ = {
			isa = PBXSourcesBuildPhase;
			buildActionMask = 2147483647;
			files = (
				5D6080AD1FBF4DE800019081 /* PrayerTableViewController.swift in Sources */,
				5D6080A11FBE90C300019081 /* PrayerTableViewCell.swift in Sources */,
				5D6080AF1FBF5E7700019081 /* Participant.swift in Sources */,
				5DD79FA71FB2B4F900EC0D81 /* Prayer.swift in Sources */,
				5DD79FA11FB24AEB00EC0D81 /* DataSet.swift in Sources */,
				5D60809F1FBE89FE00019081 /* ParticipantTableViewCell.swift in Sources */,
				5DD79F911FB217C000EC0D81 /* LoginViewController.swift in Sources */,
				5DD79FA91FB2BADB00EC0D81 /* Announcement.swift in Sources */,
				5DD79FA31FB29A0600EC0D81 /* MainTabController.swift in Sources */,
				5D6080A31FBE90D600019081 /* AnnouncementTableViewCell.swift in Sources */,
				5D6080B41FBF7C0700019081 /* HomeViewController.swift in Sources */,
				5D4DFE001FD3A53800D7C41D /* ChapelProgram.swift in Sources */,
				5D6080A71FBEA10600019081 /* AnnouncementTableViewController.swift in Sources */,
				5D05C8E31FD0C27B005EDC6E /* ParticipantTableViewController.swift in Sources */,
				5D05C8E11FD07345005EDC6E /* CheckInViewController.swift in Sources */,
				5D6080AB1FBF4DC000019081 /* PrayerViewController.swift in Sources */,
				5D6080A91FBEA33800019081 /* AnnouncementViewController.swift in Sources */,
				5DD79F8F1FB217C000EC0D81 /* AppDelegate.swift in Sources */,
			);
			runOnlyForDeploymentPostprocessing = 0;
		};
/* End PBXSourcesBuildPhase section */

/* Begin PBXVariantGroup section */
		5DD79F921FB217C000EC0D81 /* Main.storyboard */ = {
			isa = PBXVariantGroup;
			children = (
				5DD79F931FB217C000EC0D81 /* Base */,
			);
			name = Main.storyboard;
			sourceTree = "<group>";
		};
		5DD79F971FB217C000EC0D81 /* LaunchScreen.storyboard */ = {
			isa = PBXVariantGroup;
			children = (
				5DD79F981FB217C000EC0D81 /* Base */,
			);
			name = LaunchScreen.storyboard;
			sourceTree = "<group>";
		};
/* End PBXVariantGroup section */

/* Begin XCBuildConfiguration section */
		5DD79F9B1FB217C000EC0D81 /* Debug */ = {
			isa = XCBuildConfiguration;
			buildSettings = {
				ALWAYS_SEARCH_USER_PATHS = NO;
				CLANG_ANALYZER_NONNULL = YES;
				CLANG_ANALYZER_NUMBER_OBJECT_CONVERSION = YES_AGGRESSIVE;
				CLANG_CXX_LANGUAGE_STANDARD = "gnu++14";
				CLANG_CXX_LIBRARY = "libc++";
				CLANG_ENABLE_MODULES = YES;
				CLANG_ENABLE_OBJC_ARC = YES;
				CLANG_WARN_BLOCK_CAPTURE_AUTORELEASING = YES;
				CLANG_WARN_BOOL_CONVERSION = YES;
				CLANG_WARN_COMMA = YES;
				CLANG_WARN_CONSTANT_CONVERSION = YES;
				CLANG_WARN_DIRECT_OBJC_ISA_USAGE = YES_ERROR;
				CLANG_WARN_DOCUMENTATION_COMMENTS = YES;
				CLANG_WARN_EMPTY_BODY = YES;
				CLANG_WARN_ENUM_CONVERSION = YES;
				CLANG_WARN_INFINITE_RECURSION = YES;
				CLANG_WARN_INT_CONVERSION = YES;
				CLANG_WARN_NON_LITERAL_NULL_CONVERSION = YES;
				CLANG_WARN_OBJC_LITERAL_CONVERSION = YES;
				CLANG_WARN_OBJC_ROOT_CLASS = YES_ERROR;
				CLANG_WARN_RANGE_LOOP_ANALYSIS = YES;
				CLANG_WARN_STRICT_PROTOTYPES = YES;
				CLANG_WARN_SUSPICIOUS_MOVE = YES;
				CLANG_WARN_UNGUARDED_AVAILABILITY = YES_AGGRESSIVE;
				CLANG_WARN_UNREACHABLE_CODE = YES;
				CLANG_WARN__DUPLICATE_METHOD_MATCH = YES;
				CODE_SIGN_IDENTITY = "iPhone Developer";
				COPY_PHASE_STRIP = NO;
				DEBUG_INFORMATION_FORMAT = dwarf;
				ENABLE_STRICT_OBJC_MSGSEND = YES;
				ENABLE_TESTABILITY = YES;
				GCC_C_LANGUAGE_STANDARD = gnu11;
				GCC_DYNAMIC_NO_PIC = NO;
				GCC_NO_COMMON_BLOCKS = YES;
				GCC_OPTIMIZATION_LEVEL = 0;
				GCC_PREPROCESSOR_DEFINITIONS = (
					"DEBUG=1",
					"$(inherited)",
				);
				GCC_WARN_64_TO_32_BIT_CONVERSION = YES;
				GCC_WARN_ABOUT_RETURN_TYPE = YES_ERROR;
				GCC_WARN_UNDECLARED_SELECTOR = YES;
				GCC_WARN_UNINITIALIZED_AUTOS = YES_AGGRESSIVE;
				GCC_WARN_UNUSED_FUNCTION = YES;
				GCC_WARN_UNUSED_VARIABLE = YES;
				IPHONEOS_DEPLOYMENT_TARGET = 11.1;
				MTL_ENABLE_DEBUG_INFO = YES;
				ONLY_ACTIVE_ARCH = YES;
				SDKROOT = iphoneos;
				SWIFT_ACTIVE_COMPILATION_CONDITIONS = DEBUG;
				SWIFT_OPTIMIZATION_LEVEL = "-Onone";
			};
			name = Debug;
		};
		5DD79F9C1FB217C000EC0D81 /* Release */ = {
			isa = XCBuildConfiguration;
			buildSettings = {
				ALWAYS_SEARCH_USER_PATHS = NO;
				CLANG_ANALYZER_NONNULL = YES;
				CLANG_ANALYZER_NUMBER_OBJECT_CONVERSION = YES_AGGRESSIVE;
				CLANG_CXX_LANGUAGE_STANDARD = "gnu++14";
				CLANG_CXX_LIBRARY = "libc++";
				CLANG_ENABLE_MODULES = YES;
				CLANG_ENABLE_OBJC_ARC = YES;
				CLANG_WARN_BLOCK_CAPTURE_AUTORELEASING = YES;
				CLANG_WARN_BOOL_CONVERSION = YES;
				CLANG_WARN_COMMA = YES;
				CLANG_WARN_CONSTANT_CONVERSION = YES;
				CLANG_WARN_DIRECT_OBJC_ISA_USAGE = YES_ERROR;
				CLANG_WARN_DOCUMENTATION_COMMENTS = YES;
				CLANG_WARN_EMPTY_BODY = YES;
				CLANG_WARN_ENUM_CONVERSION = YES;
				CLANG_WARN_INFINITE_RECURSION = YES;
				CLANG_WARN_INT_CONVERSION = YES;
				CLANG_WARN_NON_LITERAL_NULL_CONVERSION = YES;
				CLANG_WARN_OBJC_LITERAL_CONVERSION = YES;
				CLANG_WARN_OBJC_ROOT_CLASS = YES_ERROR;
				CLANG_WARN_RANGE_LOOP_ANALYSIS = YES;
				CLANG_WARN_STRICT_PROTOTYPES = YES;
				CLANG_WARN_SUSPICIOUS_MOVE = YES;
				CLANG_WARN_UNGUARDED_AVAILABILITY = YES_AGGRESSIVE;
				CLANG_WARN_UNREACHABLE_CODE = YES;
				CLANG_WARN__DUPLICATE_METHOD_MATCH = YES;
				CODE_SIGN_IDENTITY = "iPhone Developer";
				COPY_PHASE_STRIP = NO;
				DEBUG_INFORMATION_FORMAT = "dwarf-with-dsym";
				ENABLE_NS_ASSERTIONS = NO;
				ENABLE_STRICT_OBJC_MSGSEND = YES;
				GCC_C_LANGUAGE_STANDARD = gnu11;
				GCC_NO_COMMON_BLOCKS = YES;
				GCC_WARN_64_TO_32_BIT_CONVERSION = YES;
				GCC_WARN_ABOUT_RETURN_TYPE = YES_ERROR;
				GCC_WARN_UNDECLARED_SELECTOR = YES;
				GCC_WARN_UNINITIALIZED_AUTOS = YES_AGGRESSIVE;
				GCC_WARN_UNUSED_FUNCTION = YES;
				GCC_WARN_UNUSED_VARIABLE = YES;
				IPHONEOS_DEPLOYMENT_TARGET = 11.1;
				MTL_ENABLE_DEBUG_INFO = NO;
				SDKROOT = iphoneos;
				SWIFT_OPTIMIZATION_LEVEL = "-Owholemodule";
				VALIDATE_PRODUCT = YES;
			};
			name = Release;
		};
		5DD79F9E1FB217C000EC0D81 /* Debug */ = {
			isa = XCBuildConfiguration;
			buildSettings = {
				ASSETCATALOG_COMPILER_APPICON_NAME = AppIcon;
				CODE_SIGN_STYLE = Automatic;
				DEVELOPMENT_TEAM = UE92S7JKLY;
				INFOPLIST_FILE = Chapp/Info.plist;
				LD_RUNPATH_SEARCH_PATHS = "$(inherited) @executable_path/Frameworks";
				PRODUCT_BUNDLE_IDENTIFIER = fhu.edu.Chapp2;
				PRODUCT_NAME = "$(TARGET_NAME)";
				SWIFT_VERSION = 4.0;
				TARGETED_DEVICE_FAMILY = "1,2";
			};
			name = Debug;
		};
		5DD79F9F1FB217C000EC0D81 /* Release */ = {
			isa = XCBuildConfiguration;
			buildSettings = {
				ASSETCATALOG_COMPILER_APPICON_NAME = AppIcon;
				CODE_SIGN_STYLE = Automatic;
				DEVELOPMENT_TEAM = UE92S7JKLY;
				INFOPLIST_FILE = Chapp/Info.plist;
				LD_RUNPATH_SEARCH_PATHS = "$(inherited) @executable_path/Frameworks";
				PRODUCT_BUNDLE_IDENTIFIER = fhu.edu.Chapp2;
				PRODUCT_NAME = "$(TARGET_NAME)";
				SWIFT_VERSION = 4.0;
				TARGETED_DEVICE_FAMILY = "1,2";
			};
			name = Release;
		};
/* End XCBuildConfiguration section */

/* Begin XCConfigurationList section */
		5DD79F861FB217C000EC0D81 /* Build configuration list for PBXProject "Chapp" */ = {
			isa = XCConfigurationList;
			buildConfigurations = (
				5DD79F9B1FB217C000EC0D81 /* Debug */,
				5DD79F9C1FB217C000EC0D81 /* Release */,
			);
			defaultConfigurationIsVisible = 0;
			defaultConfigurationName = Release;
		};
		5DD79F9D1FB217C000EC0D81 /* Build configuration list for PBXNativeTarget "Chapp" */ = {
			isa = XCConfigurationList;
			buildConfigurations = (
				5DD79F9E1FB217C000EC0D81 /* Debug */,
				5DD79F9F1FB217C000EC0D81 /* Release */,
			);
			defaultConfigurationIsVisible = 0;
			defaultConfigurationName = Release;
		};
/* End XCConfigurationList section */
	};
	rootObject = 5DD79F831FB217C000EC0D81 /* Project object */;
}
